
Microsoft Visual Studio Solution File, Format Version 12.00
# Visual Studio 15
VisualStudioVersion = 15.0.28307.1321
MinimumVisualStudioVersion = 10.0.40219.1
Project("{FAE04EC0-301F-11D3-BF4B-00C04F79EFBC}") = "Service", "Service\Service.csproj", "{1E538480-48F5-4E44-A3C3-CF7FEBC31713}"
EndProject
Project("{FAE04EC0-301F-11D3-BF4B-00C04F79EFBC}") = "Client", "Client\Client.csproj", "{521E0B58-C24B-488D-94C9-C1BC0C0B7622}"
EndProject
Project("{FAE04EC0-301F-11D3-BF4B-00C04F79EFBC}") = "DataBase", "Common\DataBase.csproj", "{667AB615-50A5-41B3-9FD6-7FFDFAB75AA6}"
EndProject
Project("{FAE04EC0-301F-11D3-BF4B-00C04F79EFBC}") = "Replikator", "Replikator\Replikator.csproj", "{4D7BBE75-0CFB-4BE9-BF8F-63068CD0C8B1}"
EndProject
Project("{FAE04EC0-301F-11D3-BF4B-00C04F79EFBC}") = "CertificateManager", "CertificateManager\CertificateManager.csproj", "{C70B7470-C6B4-4C34-A8D2-99370B82CABE}"
EndProject
Project("{FAE04EC0-301F-11D3-BF4B-00C04F79EFBC}") = "CryptographyManager", "CryptographyManager\CryptographyManager.csproj", "{52C8F42D-3A93-4453-84D2-F5F2CC0F80D5}"
EndProject
Global
	GlobalSection(SolutionConfigurationPlatforms) = preSolution
		Debug|Any CPU = Debug|Any CPU
		Release|Any CPU = Release|Any CPU
	EndGlobalSection
	GlobalSection(ProjectConfigurationPlatforms) = postSolution
		{1E538480-48F5-4E44-A3C3-CF7FEBC31713}.Debug|Any CPU.ActiveCfg = Debug|Any CPU
		{1E538480-48F5-4E44-A3C3-CF7FEBC31713}.Debug|Any CPU.Build.0 = Debug|Any CPU
		{1E538480-48F5-4E44-A3C3-CF7FEBC31713}.Release|Any CPU.ActiveCfg = Release|Any CPU
		{1E538480-48F5-4E44-A3C3-CF7FEBC31713}.Release|Any CPU.Build.0 = Release|Any CPU
		{521E0B58-C24B-488D-94C9-C1BC0C0B7622}.Debug|Any CPU.ActiveCfg = Debug|Any CPU
		{521E0B58-C24B-488D-94C9-C1BC0C0B7622}.Debug|Any CPU.Build.0 = Debug|Any CPU
		{521E0B58-C24B-488D-94C9-C1BC0C0B7622}.Release|Any CPU.ActiveCfg = Release|Any CPU
		{521E0B58-C24B-488D-94C9-C1BC0C0B7622}.Release|Any CPU.Build.0 = Release|Any CPU
		{667AB615-50A5-41B3-9FD6-7FFDFAB75AA6}.Debug|Any CPU.ActiveCfg = Debug|Any CPU
		{667AB615-50A5-41B3-9FD6-7FFDFAB75AA6}.Debug|Any CPU.Build.0 = Debug|Any CPU
		{667AB615-50A5-41B3-9FD6-7FFDFAB75AA6}.Release|Any CPU.ActiveCfg = Release|Any CPU
		{667AB615-50A5-41B3-9FD6-7FFDFAB75AA6}.Release|Any CPU.Build.0 = Release|Any CPU
		{4D7BBE75-0CFB-4BE9-BF8F-63068CD0C8B1}.Debug|Any CPU.ActiveCfg = Debug|Any CPU
		{4D7BBE75-0CFB-4BE9-BF8F-63068CD0C8B1}.Debug|Any CPU.Build.0 = Debug|Any CPU
		{4D7BBE75-0CFB-4BE9-BF8F-63068CD0C8B1}.Release|Any CPU.ActiveCfg = Release|Any CPU
		{4D7BBE75-0CFB-4BE9-BF8F-63068CD0C8B1}.Release|Any CPU.Build.0 = Release|Any CPU
		{C70B7470-C6B4-4C34-A8D2-99370B82CABE}.Debug|Any CPU.ActiveCfg = Debug|Any CPU
		{C70B7470-C6B4-4C34-A8D2-99370B82CABE}.Debug|Any CPU.Build.0 = Debug|Any CPU
		{C70B7470-C6B4-4C34-A8D2-99370B82CABE}.Release|Any CPU.ActiveCfg = Release|Any CPU
		{C70B7470-C6B4-4C34-A8D2-99370B82CABE}.Release|Any CPU.Build.0 = Release|Any CPU
		{52C8F42D-3A93-4453-84D2-F5F2CC0F80D5}.Debug|Any CPU.ActiveCfg = Debug|Any CPU
		{52C8F42D-3A93-4453-84D2-F5F2CC0F80D5}.Debug|Any CPU.Build.0 = Debug|Any CPU
		{52C8F42D-3A93-4453-84D2-F5F2CC0F80D5}.Release|Any CPU.ActiveCfg = Release|Any CPU
		{52C8F42D-3A93-4453-84D2-F5F2CC0F80D5}.Release|Any CPU.Build.0 = Release|Any CPU
	EndGlobalSection
	GlobalSection(SolutionProperties) = preSolution
		HideSolutionNode = FALSE
	EndGlobalSection
	GlobalSection(ExtensibilityGlobals) = postSolution
		SolutionGuid = {57B945A3-EB8E-48E5-8FBF-B601D0A61794}
	EndGlobalSection
EndGlobal
